// !$*UTF8*$!
{
	archiveVersion = 1;
	classes = {
	};
	objectVersion = 46;
	objects = {

/* Begin PBXBuildFile section */
		43ED0D1017CBD653005536B1 /* GLUT.framework in Frameworks */ = {isa = PBXBuildFile; fileRef = 43ED0D0F17CBD653005536B1 /* GLUT.framework */; };
		43ED0D1217CBD661005536B1 /* OpenGL.framework in Frameworks */ = {isa = PBXBuildFile; fileRef = 43ED0D1117CBD661005536B1 /* OpenGL.framework */; };
		43ED0D1617CC0CC7005536B1 /* main.cpp in Sources */ = {isa = PBXBuildFile; fileRef = 43ED0D1517CC0CC7005536B1 /* main.cpp */; };
/* End PBXBuildFile section */

/* Begin PBXCopyFilesBuildPhase section */
		43ED0D0117CBD402005536B1 /* CopyFiles */ = {
			isa = PBXCopyFilesBuildPhase;
			buildActionMask = 2147483647;
			dstPath = /usr/share/man/man1/;
			dstSubfolderSpec = 0;
			files = (
			);
			runOnlyForDeploymentPostprocessing = 1;
		};
/* End PBXCopyFilesBuildPhase section */

/* Begin PBXFileReference section */
		43ED0D0317CBD402005536B1 /* refl */ = {isa = PBXFileReference; explicitFileType = "compiled.mach-o.executable"; includeInIndex = 0; path = refl; sourceTree = BUILT_PRODUCTS_DIR; };
		43ED0D0F17CBD653005536B1 /* GLUT.framework */ = {isa = PBXFileReference; lastKnownFileType = wrapper.framework; name = GLUT.framework; path = System/Library/Frameworks/GLUT.framework; sourceTree = SDKROOT; };
		43ED0D1117CBD661005536B1 /* OpenGL.framework */ = {isa = PBXFileReference; lastKnownFileType = wrapper.framework; name = OpenGL.framework; path = System/Library/Frameworks/OpenGL.framework; sourceTree = SDKROOT; };
		43ED0D1517CC0CC7005536B1 /* main.cpp */ = {isa = PBXFileReference; fileEncoding = 4; lastKnownFileType = sourcecode.cpp.cpp; path = main.cpp; sourceTree = SOURCE_ROOT; };
/* End PBXFileReference section */

/* Begin PBXFrameworksBuildPhase section */
		43ED0D0017CBD402005536B1 /* Frameworks */ = {
			isa = PBXFrameworksBuildPhase;
			buildActionMask = 2147483647;
			files = (
				43ED0D1217CBD661005536B1 /* OpenGL.framework in Frameworks */,
				43ED0D1017CBD653005536B1 /* GLUT.framework in Frameworks */,
			);
			runOnlyForDeploymentPostprocessing = 0;
		};
/* End PBXFrameworksBuildPhase section */

/* Begin PBXGroup section */
		43ED0CFA17CBD402005536B1 = {
			isa = PBXGroup;
			children = (
				43ED0D1117CBD661005536B1 /* OpenGL.framework */,
				43ED0D0F17CBD653005536B1 /* GLUT.framework */,
				43ED0D0517CBD402005536B1 /* code */,
				43ED0D0417CBD402005536B1 /* Products */,
			);
			sourceTree = "<group>";
		};
		43ED0D0417CBD402005536B1 /* Products */ = {
			isa = PBXGroup;
			children = (
				43ED0D0317CBD402005536B1 /* refl */,
			);
			name = Products;
			sourceTree = "<group>";
		};
		43ED0D0517CBD402005536B1 /* code */ = {
			isa = PBXGroup;
			children = (
				43ED0D1517CC0CC7005536B1 /* main.cpp */,
			);
			name = code;
			path = refl;
			sourceTree = "<group>";
		};
/* End PBXGroup section */

/* Begin PBXNativeTarget section */
		43ED0D0217CBD402005536B1 /* refl */ = {
			isa = PBXNativeTarget;
			buildConfigurationList = 43ED0D0C17CBD402005536B1 /* Build configuration list for PBXNativeTarget "refl" */;
			buildPhases = (
				43ED0CFF17CBD402005536B1 /* Sources */,
				43ED0D0017CBD402005536B1 /* Frameworks */,
				43ED0D0117CBD402005536B1 /* CopyFiles */,
			);
			buildRules = (
			);
			dependencies = (
			);
			name = refl;
			productName = refl;
			productReference = 43ED0D0317CBD402005536B1 /* refl */;
			productType = "com.apple.product-type.tool";
		};
/* End PBXNativeTarget section */

/* Begin PBXProject section */
		43ED0CFB17CBD402005536B1 /* Project object */ = {
			isa = PBXProject;
			attributes = {
				LastUpgradeCheck = 0460;
				ORGANIZATIONNAME = "Cass Everitt";
			};
			buildConfigurationList = 43ED0CFE17CBD402005536B1 /* Build configuration list for PBXProject "refl" */;
			compatibilityVersion = "Xcode 3.2";
			developmentRegion = English;
			hasScannedForEncodings = 0;
			knownRegions = (
				en,
			);
			mainGroup = 43ED0CFA17CBD402005536B1;
			productRefGroup = 43ED0D0417CBD402005536B1 /* Products */;
			projectDirPath = "";
			projectRoot = "";
			targets = (
				43ED0D0217CBD402005536B1 /* refl */,
			);
		};
/* End PBXProject section */

/* Begin PBXSourcesBuildPhase section */
		43ED0CFF17CBD402005536B1 /* Sources */ = {
			isa = PBXSourcesBuildPhase;
			buildActionMask = 2147483647;
			files = (
				43ED0D1617CC0CC7005536B1 /* main.cpp in Sources */,
			);
			runOnlyForDeploymentPostprocessing = 0;
		};
/* End PBXSourcesBuildPhase section */

/* Begin XCBuildConfiguration section */
		43ED0D0A17CBD402005536B1 /* Debug */ = {
			isa = XCBuildConfiguration;
			buildSettings = {
				ALWAYS_SEARCH_USER_PATHS = NO;
				ARCHS = "$(ARCHS_STANDARD_64_BIT)";
				CLANG_CXX_LANGUAGE_STANDARD = "gnu++0x";
				CLANG_CXX_LIBRARY = "libc++";
				CLANG_WARN_CONSTANT_CONVERSION = YES;
				CLANG_WARN_EMPTY_BODY = YES;
				CLANG_WARN_ENUM_CONVERSION = YES;
				CLANG_WARN_INT_CONVERSION = YES;
				CLANG_WARN__DUPLICATE_METHOD_MATCH = YES;
				COPY_PHASE_STRIP = NO;
				GCC_C_LANGUAGE_STANDARD = gnu99;
				GCC_DYNAMIC_NO_PIC = NO;
				GCC_ENABLE_OBJC_EXCEPTIONS = YES;
				GCC_OPTIMIZATION_LEVEL = 0;
				GCC_PREPROCESSOR_DEFINITIONS = (
					"DEBUG=1",
					"$(inherited)",
				);
				GCC_SYMBOLS_PRIVATE_EXTERN = NO;
				GCC_WARN_64_TO_32_BIT_CONVERSION = YES;
				GCC_WARN_ABOUT_RETURN_TYPE = YES;
				GCC_WARN_UNINITIALIZED_AUTOS = YES;
				GCC_WARN_UNUSED_VARIABLE = YES;
				MACOSX_DEPLOYMENT_TARGET = 10.8;
				ONLY_ACTIVE_ARCH = YES;
				SDKROOT = macosx;
			};
			name = Debug;
		};
		43ED0D0B17CBD402005536B1 /* Release */ = {
			isa = XCBuildConfiguration;
			buildSettings = {
				ALWAYS_SEARCH_USER_PATHS = NO;
				ARCHS = "$(ARCHS_STANDARD_64_BIT)";
				CLANG_CXX_LANGUAGE_STANDARD = "gnu++0x";
				CLANG_CXX_LIBRARY = "libc++";
				CLANG_WARN_CONSTANT_CONVERSION = YES;
				CLANG_WARN_EMPTY_BODY = YES;
				CLANG_WARN_ENUM_CONVERSION = YES;
				CLANG_WARN_INT_CONVERSION = YES;
				CLANG_WARN__DUPLICATE_METHOD_MATCH = YES;
				COPY_PHASE_STRIP = YES;
				DEBUG_INFORMATION_FORMAT = "dwarf-with-dsym";
				GCC_C_LANGUAGE_STANDARD = gnu99;
				GCC_ENABLE_OBJC_EXCEPTIONS = YES;
				GCC_WARN_64_TO_32_BIT_CONVERSION = YES;
				GCC_WARN_ABOUT_RETURN_TYPE = YES;
				GCC_WARN_UNINITIALIZED_AUTOS = YES;
				GCC_WARN_UNUSED_VARIABLE = YES;
				MACOSX_DEPLOYMENT_TARGET = 10.8;
				SDKROOT = macosx;
			};
			name = Release;
		};
		43ED0D0D17CBD402005536B1 /* Debug */ = {
			isa = XCBuildConfiguration;
			buildSettings = {
				PRODUCT_NAME = "$(TARGET_NAME)";
			};
			name = Debug;
		};
		43ED0D0E17CBD402005536B1 /* Release */ = {
			isa = XCBuildConfiguration;
			buildSettings = {
				PRODUCT_NAME = "$(TARGET_NAME)";
			};
			name = Release;
		};
/* End XCBuildConfiguration section */

/* Begin XCConfigurationList section */
		43ED0CFE17CBD402005536B1 /* Build configuration list for PBXProject "refl" */ = {
			isa = XCConfigurationList;
			buildConfigurations = (
				43ED0D0A17CBD402005536B1 /* Debug */,
				43ED0D0B17CBD402005536B1 /* Release */,
			);
			defaultConfigurationIsVisible = 0;
			defaultConfigurationName = Release;
		};
		43ED0D0C17CBD402005536B1 /* Build configuration list for PBXNativeTarget "refl" */ = {
			isa = XCConfigurationList;
			buildConfigurations = (
				43ED0D0D17CBD402005536B1 /* Debug */,
				43ED0D0E17CBD402005536B1 /* Release */,
			);
			defaultConfigurationIsVisible = 0;
			defaultConfigurationName = Release;
		};
/* End XCConfigurationList section */
	};
	rootObject = 43ED0CFB17CBD402005536B1 /* Project object */;
}
